// !$*UTF8*$!
{
	archiveVersion = 1;
	classes = {
	};
	objectVersion = 55;
	objects = {

/* Begin PBXBuildFile section */
		8B2B4A3028259A6B00EADF27 /* AppDelegate.swift in Sources */ = {isa = PBXBuildFile; fileRef = 8B2B4A2F28259A6B00EADF27 /* AppDelegate.swift */; };
		8B2B4A3928259A6D00EADF27 /* Assets.xcassets in Resources */ = {isa = PBXBuildFile; fileRef = 8B2B4A3828259A6D00EADF27 /* Assets.xcassets */; };
		8B2B4A3C28259A6D00EADF27 /* LaunchScreen.storyboard in Resources */ = {isa = PBXBuildFile; fileRef = 8B2B4A3A28259A6D00EADF27 /* LaunchScreen.storyboard */; };
		8B2B4A4728259A6E00EADF27 /* GNBProjectTests.swift in Sources */ = {isa = PBXBuildFile; fileRef = 8B2B4A4628259A6E00EADF27 /* GNBProjectTests.swift */; };
		8B2B4A5128259A6E00EADF27 /* GNBProjectUITests.swift in Sources */ = {isa = PBXBuildFile; fileRef = 8B2B4A5028259A6E00EADF27 /* GNBProjectUITests.swift */; };
		8B2B4A5328259A6E00EADF27 /* GNBProjectUITestsLaunchTests.swift in Sources */ = {isa = PBXBuildFile; fileRef = 8B2B4A5228259A6E00EADF27 /* GNBProjectUITestsLaunchTests.swift */; };
		8B2B4A6928259D4F00EADF27 /* TransactionListPresenter.swift in Sources */ = {isa = PBXBuildFile; fileRef = 8B2B4A6428259D4F00EADF27 /* TransactionListPresenter.swift */; };
		8B2B4A6A28259D4F00EADF27 /* TransactionListRouter.swift in Sources */ = {isa = PBXBuildFile; fileRef = 8B2B4A6528259D4F00EADF27 /* TransactionListRouter.swift */; };
		8B2B4A6B28259D4F00EADF27 /* TransactionListModels.swift in Sources */ = {isa = PBXBuildFile; fileRef = 8B2B4A6628259D4F00EADF27 /* TransactionListModels.swift */; };
		8B2B4A6C28259D4F00EADF27 /* TransactionListViewController.swift in Sources */ = {isa = PBXBuildFile; fileRef = 8B2B4A6728259D4F00EADF27 /* TransactionListViewController.swift */; };
		8B2B4A6D28259D4F00EADF27 /* TransactionListBuilder.swift in Sources */ = {isa = PBXBuildFile; fileRef = 8B2B4A6828259D4F00EADF27 /* TransactionListBuilder.swift */; };
		8B2B4A6F28259EA500EADF27 /* BaseViewController.swift in Sources */ = {isa = PBXBuildFile; fileRef = 8B2B4A6E28259EA500EADF27 /* BaseViewController.swift */; };
		8B2B4A762825A0F600EADF27 /* TransactionInfoModels.swift in Sources */ = {isa = PBXBuildFile; fileRef = 8B2B4A712825A0F600EADF27 /* TransactionInfoModels.swift */; };
		8B2B4A772825A0F600EADF27 /* TransactionInfoPresenter.swift in Sources */ = {isa = PBXBuildFile; fileRef = 8B2B4A722825A0F600EADF27 /* TransactionInfoPresenter.swift */; };
		8B2B4A782825A0F600EADF27 /* TransactionInfoBuilder.swift in Sources */ = {isa = PBXBuildFile; fileRef = 8B2B4A732825A0F600EADF27 /* TransactionInfoBuilder.swift */; };
		8B2B4A7A2825A0F600EADF27 /* TransactionInfoViewController.swift in Sources */ = {isa = PBXBuildFile; fileRef = 8B2B4A752825A0F600EADF27 /* TransactionInfoViewController.swift */; };
		8B2B4A7D2825AABD00EADF27 /* Alamofire in Frameworks */ = {isa = PBXBuildFile; productRef = 8B2B4A7C2825AABD00EADF27 /* Alamofire */; };
		8B2B4A822825AE1F00EADF27 /* BankService.swift in Sources */ = {isa = PBXBuildFile; fileRef = 8B2B4A812825AE1F00EADF27 /* BankService.swift */; };
		8B2B4A842825B04200EADF27 /* BankModels.swift in Sources */ = {isa = PBXBuildFile; fileRef = 8B2B4A832825B04200EADF27 /* BankModels.swift */; };
		8B2B4A862825B44400EADF27 /* TransactionListInteractor.swift in Sources */ = {isa = PBXBuildFile; fileRef = 8B2B4A852825B44400EADF27 /* TransactionListInteractor.swift */; };
		8B9FC8B7282756EA008F2894 /* AdjacencyList.swift in Sources */ = {isa = PBXBuildFile; fileRef = 8B9FC8B6282756EA008F2894 /* AdjacencyList.swift */; };
		8B9FC8B92827578C008F2894 /* EdgeModel.swift in Sources */ = {isa = PBXBuildFile; fileRef = 8B9FC8B82827578C008F2894 /* EdgeModel.swift */; };
		8B9FC8BB282757D0008F2894 /* VertexModel.swift in Sources */ = {isa = PBXBuildFile; fileRef = 8B9FC8BA282757D0008F2894 /* VertexModel.swift */; };
		8B9FC8BD2827581E008F2894 /* Graphable.swift in Sources */ = {isa = PBXBuildFile; fileRef = 8B9FC8BC2827581E008F2894 /* Graphable.swift */; };
		8B9FC8BF2827588F008F2894 /* LinkedList.swift in Sources */ = {isa = PBXBuildFile; fileRef = 8B9FC8BE2827588F008F2894 /* LinkedList.swift */; };
		8B9FC8C12827589A008F2894 /* Queue.swift in Sources */ = {isa = PBXBuildFile; fileRef = 8B9FC8C02827589A008F2894 /* Queue.swift */; };
		8BEBD6F12827BBBB002B7784 /* Double+HalfToEvent.swift in Sources */ = {isa = PBXBuildFile; fileRef = 8BEBD6F02827BBBB002B7784 /* Double+HalfToEvent.swift */; };
/* End PBXBuildFile section */

/* Begin PBXContainerItemProxy section */
		8B2B4A4328259A6E00EADF27 /* PBXContainerItemProxy */ = {
			isa = PBXContainerItemProxy;
			containerPortal = 8B2B4A2428259A6B00EADF27 /* Project object */;
			proxyType = 1;
			remoteGlobalIDString = 8B2B4A2B28259A6B00EADF27;
			remoteInfo = GNBProject;
		};
		8B2B4A4D28259A6E00EADF27 /* PBXContainerItemProxy */ = {
			isa = PBXContainerItemProxy;
			containerPortal = 8B2B4A2428259A6B00EADF27 /* Project object */;
			proxyType = 1;
			remoteGlobalIDString = 8B2B4A2B28259A6B00EADF27;
			remoteInfo = GNBProject;
		};
/* End PBXContainerItemProxy section */

/* Begin PBXFileReference section */
		8B2B4A2C28259A6B00EADF27 /* GNBProject.app */ = {isa = PBXFileReference; explicitFileType = wrapper.application; includeInIndex = 0; path = GNBProject.app; sourceTree = BUILT_PRODUCTS_DIR; };
		8B2B4A2F28259A6B00EADF27 /* AppDelegate.swift */ = {isa = PBXFileReference; lastKnownFileType = sourcecode.swift; path = AppDelegate.swift; sourceTree = "<group>"; };
		8B2B4A3828259A6D00EADF27 /* Assets.xcassets */ = {isa = PBXFileReference; lastKnownFileType = folder.assetcatalog; path = Assets.xcassets; sourceTree = "<group>"; };
		8B2B4A3B28259A6D00EADF27 /* Base */ = {isa = PBXFileReference; lastKnownFileType = file.storyboard; name = Base; path = Base.lproj/LaunchScreen.storyboard; sourceTree = "<group>"; };
		8B2B4A3D28259A6D00EADF27 /* Info.plist */ = {isa = PBXFileReference; lastKnownFileType = text.plist.xml; path = Info.plist; sourceTree = "<group>"; };
		8B2B4A4228259A6E00EADF27 /* GNBProjectTests.xctest */ = {isa = PBXFileReference; explicitFileType = wrapper.cfbundle; includeInIndex = 0; path = GNBProjectTests.xctest; sourceTree = BUILT_PRODUCTS_DIR; };
		8B2B4A4628259A6E00EADF27 /* GNBProjectTests.swift */ = {isa = PBXFileReference; lastKnownFileType = sourcecode.swift; path = GNBProjectTests.swift; sourceTree = "<group>"; };
		8B2B4A4C28259A6E00EADF27 /* GNBProjectUITests.xctest */ = {isa = PBXFileReference; explicitFileType = wrapper.cfbundle; includeInIndex = 0; path = GNBProjectUITests.xctest; sourceTree = BUILT_PRODUCTS_DIR; };
		8B2B4A5028259A6E00EADF27 /* GNBProjectUITests.swift */ = {isa = PBXFileReference; lastKnownFileType = sourcecode.swift; path = GNBProjectUITests.swift; sourceTree = "<group>"; };
		8B2B4A5228259A6E00EADF27 /* GNBProjectUITestsLaunchTests.swift */ = {isa = PBXFileReference; lastKnownFileType = sourcecode.swift; path = GNBProjectUITestsLaunchTests.swift; sourceTree = "<group>"; };
		8B2B4A6428259D4F00EADF27 /* TransactionListPresenter.swift */ = {isa = PBXFileReference; lastKnownFileType = sourcecode.swift; path = TransactionListPresenter.swift; sourceTree = "<group>"; };
		8B2B4A6528259D4F00EADF27 /* TransactionListRouter.swift */ = {isa = PBXFileReference; lastKnownFileType = sourcecode.swift; path = TransactionListRouter.swift; sourceTree = "<group>"; };
		8B2B4A6628259D4F00EADF27 /* TransactionListModels.swift */ = {isa = PBXFileReference; lastKnownFileType = sourcecode.swift; path = TransactionListModels.swift; sourceTree = "<group>"; };
		8B2B4A6728259D4F00EADF27 /* TransactionListViewController.swift */ = {isa = PBXFileReference; lastKnownFileType = sourcecode.swift; path = TransactionListViewController.swift; sourceTree = "<group>"; };
		8B2B4A6828259D4F00EADF27 /* TransactionListBuilder.swift */ = {isa = PBXFileReference; lastKnownFileType = sourcecode.swift; path = TransactionListBuilder.swift; sourceTree = "<group>"; };
		8B2B4A6E28259EA500EADF27 /* BaseViewController.swift */ = {isa = PBXFileReference; lastKnownFileType = sourcecode.swift; path = BaseViewController.swift; sourceTree = "<group>"; };
		8B2B4A712825A0F600EADF27 /* TransactionInfoModels.swift */ = {isa = PBXFileReference; fileEncoding = 4; lastKnownFileType = sourcecode.swift; path = TransactionInfoModels.swift; sourceTree = "<group>"; };
		8B2B4A722825A0F600EADF27 /* TransactionInfoPresenter.swift */ = {isa = PBXFileReference; fileEncoding = 4; lastKnownFileType = sourcecode.swift; path = TransactionInfoPresenter.swift; sourceTree = "<group>"; };
		8B2B4A732825A0F600EADF27 /* TransactionInfoBuilder.swift */ = {isa = PBXFileReference; fileEncoding = 4; lastKnownFileType = sourcecode.swift; path = TransactionInfoBuilder.swift; sourceTree = "<group>"; };
		8B2B4A752825A0F600EADF27 /* TransactionInfoViewController.swift */ = {isa = PBXFileReference; fileEncoding = 4; lastKnownFileType = sourcecode.swift; path = TransactionInfoViewController.swift; sourceTree = "<group>"; };
		8B2B4A812825AE1F00EADF27 /* BankService.swift */ = {isa = PBXFileReference; lastKnownFileType = sourcecode.swift; path = BankService.swift; sourceTree = "<group>"; };
		8B2B4A832825B04200EADF27 /* BankModels.swift */ = {isa = PBXFileReference; lastKnownFileType = sourcecode.swift; path = BankModels.swift; sourceTree = "<group>"; };
		8B2B4A852825B44400EADF27 /* TransactionListInteractor.swift */ = {isa = PBXFileReference; lastKnownFileType = sourcecode.swift; path = TransactionListInteractor.swift; sourceTree = "<group>"; };
		8B9FC8B6282756EA008F2894 /* AdjacencyList.swift */ = {isa = PBXFileReference; lastKnownFileType = sourcecode.swift; path = AdjacencyList.swift; sourceTree = "<group>"; };
		8B9FC8B82827578C008F2894 /* EdgeModel.swift */ = {isa = PBXFileReference; lastKnownFileType = sourcecode.swift; path = EdgeModel.swift; sourceTree = "<group>"; };
		8B9FC8BA282757D0008F2894 /* VertexModel.swift */ = {isa = PBXFileReference; lastKnownFileType = sourcecode.swift; path = VertexModel.swift; sourceTree = "<group>"; };
		8B9FC8BC2827581E008F2894 /* Graphable.swift */ = {isa = PBXFileReference; lastKnownFileType = sourcecode.swift; path = Graphable.swift; sourceTree = "<group>"; };
		8B9FC8BE2827588F008F2894 /* LinkedList.swift */ = {isa = PBXFileReference; lastKnownFileType = sourcecode.swift; path = LinkedList.swift; sourceTree = "<group>"; };
		8B9FC8C02827589A008F2894 /* Queue.swift */ = {isa = PBXFileReference; lastKnownFileType = sourcecode.swift; path = Queue.swift; sourceTree = "<group>"; };
		8BEBD6F02827BBBB002B7784 /* Double+HalfToEvent.swift */ = {isa = PBXFileReference; lastKnownFileType = sourcecode.swift; path = "Double+HalfToEvent.swift"; sourceTree = "<group>"; };
/* End PBXFileReference section */

/* Begin PBXFrameworksBuildPhase section */
		8B2B4A2928259A6B00EADF27 /* Frameworks */ = {
			isa = PBXFrameworksBuildPhase;
			buildActionMask = 2147483647;
			files = (
				8B2B4A7D2825AABD00EADF27 /* Alamofire in Frameworks */,
			);
			runOnlyForDeploymentPostprocessing = 0;
		};
		8B2B4A3F28259A6E00EADF27 /* Frameworks */ = {
			isa = PBXFrameworksBuildPhase;
			buildActionMask = 2147483647;
			files = (
			);
			runOnlyForDeploymentPostprocessing = 0;
		};
		8B2B4A4928259A6E00EADF27 /* Frameworks */ = {
			isa = PBXFrameworksBuildPhase;
			buildActionMask = 2147483647;
			files = (
			);
			runOnlyForDeploymentPostprocessing = 0;
		};
/* End PBXFrameworksBuildPhase section */

/* Begin PBXGroup section */
		8B2B4A2328259A6B00EADF27 = {
			isa = PBXGroup;
			children = (
				8B2B4A2E28259A6B00EADF27 /* GNBProject */,
				8B2B4A4528259A6E00EADF27 /* GNBProjectTests */,
				8B2B4A4F28259A6E00EADF27 /* GNBProjectUITests */,
				8B2B4A2D28259A6B00EADF27 /* Products */,
			);
			sourceTree = "<group>";
		};
		8B2B4A2D28259A6B00EADF27 /* Products */ = {
			isa = PBXGroup;
			children = (
				8B2B4A2C28259A6B00EADF27 /* GNBProject.app */,
				8B2B4A4228259A6E00EADF27 /* GNBProjectTests.xctest */,
				8B2B4A4C28259A6E00EADF27 /* GNBProjectUITests.xctest */,
			);
			name = Products;
			sourceTree = "<group>";
		};
		8B2B4A2E28259A6B00EADF27 /* GNBProject */ = {
			isa = PBXGroup;
			children = (
				8B2B4A2F28259A6B00EADF27 /* AppDelegate.swift */,
				8B2B4A7E2825ADED00EADF27 /* Core */,
				8B2B4A5F28259B6A00EADF27 /* Modules */,
				8B2B4A6128259BD700EADF27 /* Resources */,
				8B2B4A6028259B7100EADF27 /* SupportingFiles */,
			);
			path = GNBProject;
			sourceTree = "<group>";
		};
		8B2B4A4528259A6E00EADF27 /* GNBProjectTests */ = {
			isa = PBXGroup;
			children = (
				8B2B4A4628259A6E00EADF27 /* GNBProjectTests.swift */,
			);
			path = GNBProjectTests;
			sourceTree = "<group>";
		};
		8B2B4A4F28259A6E00EADF27 /* GNBProjectUITests */ = {
			isa = PBXGroup;
			children = (
				8B2B4A5028259A6E00EADF27 /* GNBProjectUITests.swift */,
				8B2B4A5228259A6E00EADF27 /* GNBProjectUITestsLaunchTests.swift */,
			);
			path = GNBProjectUITests;
			sourceTree = "<group>";
		};
		8B2B4A5F28259B6A00EADF27 /* Modules */ = {
			isa = PBXGroup;
			children = (
				8B2B4A6E28259EA500EADF27 /* BaseViewController.swift */,
				8B2B4A7028259EB000EADF27 /* LaunchScreen */,
				8B2B4A6228259C2700EADF27 /* TransactionList */,
				8B2B4A6328259C3100EADF27 /* TransactionInfo */,
			);
			path = Modules;
			sourceTree = "<group>";
		};
		8B2B4A6028259B7100EADF27 /* SupportingFiles */ = {
			isa = PBXGroup;
			children = (
				8B2B4A3D28259A6D00EADF27 /* Info.plist */,
			);
			path = SupportingFiles;
			sourceTree = "<group>";
		};
		8B2B4A6128259BD700EADF27 /* Resources */ = {
			isa = PBXGroup;
			children = (
				8B2B4A3828259A6D00EADF27 /* Assets.xcassets */,
			);
			path = Resources;
			sourceTree = "<group>";
		};
		8B2B4A6228259C2700EADF27 /* TransactionList */ = {
			isa = PBXGroup;
			children = (
				8B2B4A6828259D4F00EADF27 /* TransactionListBuilder.swift */,
				8B2B4A6728259D4F00EADF27 /* TransactionListViewController.swift */,
				8B2B4A6428259D4F00EADF27 /* TransactionListPresenter.swift */,
				8B2B4A852825B44400EADF27 /* TransactionListInteractor.swift */,
				8B2B4A6628259D4F00EADF27 /* TransactionListModels.swift */,
				8B2B4A6528259D4F00EADF27 /* TransactionListRouter.swift */,
			);
			path = TransactionList;
			sourceTree = "<group>";
		};
		8B2B4A6328259C3100EADF27 /* TransactionInfo */ = {
			isa = PBXGroup;
			children = (
				8B2B4A732825A0F600EADF27 /* TransactionInfoBuilder.swift */,
				8B2B4A752825A0F600EADF27 /* TransactionInfoViewController.swift */,
				8B2B4A722825A0F600EADF27 /* TransactionInfoPresenter.swift */,
				8B2B4A712825A0F600EADF27 /* TransactionInfoModels.swift */,
			);
			path = TransactionInfo;
			sourceTree = "<group>";
		};
		8B2B4A7028259EB000EADF27 /* LaunchScreen */ = {
			isa = PBXGroup;
			children = (
				8B2B4A3A28259A6D00EADF27 /* LaunchScreen.storyboard */,
			);
			path = LaunchScreen;
			sourceTree = "<group>";
		};
		8B2B4A7E2825ADED00EADF27 /* Core */ = {
			isa = PBXGroup;
			children = (
				8BEBD6EB2827AF48002B7784 /* Extensions */,
				8B9FC8B3282756AE008F2894 /* Currency */,
				8B2B4A7F2825ADF600EADF27 /* Services */,
			);
			path = Core;
			sourceTree = "<group>";
		};
		8B2B4A7F2825ADF600EADF27 /* Services */ = {
			isa = PBXGroup;
			children = (
				8B2B4A802825AE0100EADF27 /* Bank */,
			);
			path = Services;
			sourceTree = "<group>";
		};
		8B2B4A802825AE0100EADF27 /* Bank */ = {
			isa = PBXGroup;
			children = (
				8B2B4A812825AE1F00EADF27 /* BankService.swift */,
				8B2B4A832825B04200EADF27 /* BankModels.swift */,
			);
			path = Bank;
			sourceTree = "<group>";
		};
		8B9FC8B3282756AE008F2894 /* Currency */ = {
			isa = PBXGroup;
			children = (
				8B9FC8B4282756BF008F2894 /* Graph */,
				8B9FC8B5282756C7008F2894 /* Queue */,
			);
			path = Currency;
			sourceTree = "<group>";
		};
		8B9FC8B4282756BF008F2894 /* Graph */ = {
			isa = PBXGroup;
			children = (
				8B9FC8B6282756EA008F2894 /* AdjacencyList.swift */,
				8B9FC8B82827578C008F2894 /* EdgeModel.swift */,
				8B9FC8BA282757D0008F2894 /* VertexModel.swift */,
				8B9FC8BC2827581E008F2894 /* Graphable.swift */,
			);
			path = Graph;
			sourceTree = "<group>";
		};
		8B9FC8B5282756C7008F2894 /* Queue */ = {
			isa = PBXGroup;
			children = (
				8B9FC8BE2827588F008F2894 /* LinkedList.swift */,
				8B9FC8C02827589A008F2894 /* Queue.swift */,
			);
			path = Queue;
			sourceTree = "<group>";
		};
		8BEBD6EB2827AF48002B7784 /* Extensions */ = {
			isa = PBXGroup;
			children = (
				8BEBD6F02827BBBB002B7784 /* Double+HalfToEvent.swift */,
			);
			path = Extensions;
			sourceTree = "<group>";
		};
/* End PBXGroup section */

/* Begin PBXNativeTarget section */
		8B2B4A2B28259A6B00EADF27 /* GNBProject */ = {
			isa = PBXNativeTarget;
			buildConfigurationList = 8B2B4A5628259A6E00EADF27 /* Build configuration list for PBXNativeTarget "GNBProject" */;
			buildPhases = (
				8B2B4A2828259A6B00EADF27 /* Sources */,
				8B2B4A2928259A6B00EADF27 /* Frameworks */,
				8B2B4A2A28259A6B00EADF27 /* Resources */,
			);
			buildRules = (
			);
			dependencies = (
			);
			name = GNBProject;
			packageProductDependencies = (
				8B2B4A7C2825AABD00EADF27 /* Alamofire */,
			);
			productName = GNBProject;
			productReference = 8B2B4A2C28259A6B00EADF27 /* GNBProject.app */;
			productType = "com.apple.product-type.application";
		};
		8B2B4A4128259A6E00EADF27 /* GNBProjectTests */ = {
			isa = PBXNativeTarget;
			buildConfigurationList = 8B2B4A5928259A6E00EADF27 /* Build configuration list for PBXNativeTarget "GNBProjectTests" */;
			buildPhases = (
				8B2B4A3E28259A6E00EADF27 /* Sources */,
				8B2B4A3F28259A6E00EADF27 /* Frameworks */,
				8B2B4A4028259A6E00EADF27 /* Resources */,
			);
			buildRules = (
			);
			dependencies = (
				8B2B4A4428259A6E00EADF27 /* PBXTargetDependency */,
			);
			name = GNBProjectTests;
			productName = GNBProjectTests;
			productReference = 8B2B4A4228259A6E00EADF27 /* GNBProjectTests.xctest */;
			productType = "com.apple.product-type.bundle.unit-test";
		};
		8B2B4A4B28259A6E00EADF27 /* GNBProjectUITests */ = {
			isa = PBXNativeTarget;
			buildConfigurationList = 8B2B4A5C28259A6E00EADF27 /* Build configuration list for PBXNativeTarget "GNBProjectUITests" */;
			buildPhases = (
				8B2B4A4828259A6E00EADF27 /* Sources */,
				8B2B4A4928259A6E00EADF27 /* Frameworks */,
				8B2B4A4A28259A6E00EADF27 /* Resources */,
			);
			buildRules = (
			);
			dependencies = (
				8B2B4A4E28259A6E00EADF27 /* PBXTargetDependency */,
			);
			name = GNBProjectUITests;
			productName = GNBProjectUITests;
			productReference = 8B2B4A4C28259A6E00EADF27 /* GNBProjectUITests.xctest */;
			productType = "com.apple.product-type.bundle.ui-testing";
		};
/* End PBXNativeTarget section */

/* Begin PBXProject section */
		8B2B4A2428259A6B00EADF27 /* Project object */ = {
			isa = PBXProject;
			attributes = {
				BuildIndependentTargetsInParallel = 1;
				LastSwiftUpdateCheck = 1320;
				LastUpgradeCheck = 1320;
				TargetAttributes = {
					8B2B4A2B28259A6B00EADF27 = {
						CreatedOnToolsVersion = 13.2.1;
					};
					8B2B4A4128259A6E00EADF27 = {
						CreatedOnToolsVersion = 13.2.1;
						TestTargetID = 8B2B4A2B28259A6B00EADF27;
					};
					8B2B4A4B28259A6E00EADF27 = {
						CreatedOnToolsVersion = 13.2.1;
						TestTargetID = 8B2B4A2B28259A6B00EADF27;
					};
				};
			};
			buildConfigurationList = 8B2B4A2728259A6B00EADF27 /* Build configuration list for PBXProject "GNBProject" */;
			compatibilityVersion = "Xcode 13.0";
			developmentRegion = en;
			hasScannedForEncodings = 0;
			knownRegions = (
				en,
				Base,
			);
			mainGroup = 8B2B4A2328259A6B00EADF27;
			packageReferences = (
				8B2B4A7B2825AABD00EADF27 /* XCRemoteSwiftPackageReference "Alamofire" */,
			);
			productRefGroup = 8B2B4A2D28259A6B00EADF27 /* Products */;
			projectDirPath = "";
			projectRoot = "";
			targets = (
				8B2B4A2B28259A6B00EADF27 /* GNBProject */,
				8B2B4A4128259A6E00EADF27 /* GNBProjectTests */,
				8B2B4A4B28259A6E00EADF27 /* GNBProjectUITests */,
			);
		};
/* End PBXProject section */

/* Begin PBXResourcesBuildPhase section */
		8B2B4A2A28259A6B00EADF27 /* Resources */ = {
			isa = PBXResourcesBuildPhase;
			buildActionMask = 2147483647;
			files = (
				8B2B4A3C28259A6D00EADF27 /* LaunchScreen.storyboard in Resources */,
				8B2B4A3928259A6D00EADF27 /* Assets.xcassets in Resources */,
			);
			runOnlyForDeploymentPostprocessing = 0;
		};
		8B2B4A4028259A6E00EADF27 /* Resources */ = {
			isa = PBXResourcesBuildPhase;
			buildActionMask = 2147483647;
			files = (
			);
			runOnlyForDeploymentPostprocessing = 0;
		};
		8B2B4A4A28259A6E00EADF27 /* Resources */ = {
			isa = PBXResourcesBuildPhase;
			buildActionMask = 2147483647;
			files = (
			);
			runOnlyForDeploymentPostprocessing = 0;
		};
/* End PBXResourcesBuildPhase section */

/* Begin PBXSourcesBuildPhase section */
		8B2B4A2828259A6B00EADF27 /* Sources */ = {
			isa = PBXSourcesBuildPhase;
			buildActionMask = 2147483647;
			files = (
				8B9FC8BD2827581E008F2894 /* Graphable.swift in Sources */,
				8B9FC8B92827578C008F2894 /* EdgeModel.swift in Sources */,
				8B2B4A6D28259D4F00EADF27 /* TransactionListBuilder.swift in Sources */,
				8B2B4A6B28259D4F00EADF27 /* TransactionListModels.swift in Sources */,
				8B2B4A6C28259D4F00EADF27 /* TransactionListViewController.swift in Sources */,
				8B9FC8B7282756EA008F2894 /* AdjacencyList.swift in Sources */,
				8B2B4A772825A0F600EADF27 /* TransactionInfoPresenter.swift in Sources */,
				8B2B4A782825A0F600EADF27 /* TransactionInfoBuilder.swift in Sources */,
				8B9FC8BF2827588F008F2894 /* LinkedList.swift in Sources */,
				8B2B4A842825B04200EADF27 /* BankModels.swift in Sources */,
				8B2B4A3028259A6B00EADF27 /* AppDelegate.swift in Sources */,
				8B2B4A762825A0F600EADF27 /* TransactionInfoModels.swift in Sources */,
				8B2B4A6928259D4F00EADF27 /* TransactionListPresenter.swift in Sources */,
				8B2B4A6F28259EA500EADF27 /* BaseViewController.swift in Sources */,
				8B2B4A862825B44400EADF27 /* TransactionListInteractor.swift in Sources */,
				8B9FC8C12827589A008F2894 /* Queue.swift in Sources */,
				8BEBD6F12827BBBB002B7784 /* Double+HalfToEvent.swift in Sources */,
				8B2B4A6A28259D4F00EADF27 /* TransactionListRouter.swift in Sources */,
				8B2B4A7A2825A0F600EADF27 /* TransactionInfoViewController.swift in Sources */,
				8B2B4A822825AE1F00EADF27 /* BankService.swift in Sources */,
				8B9FC8BB282757D0008F2894 /* VertexModel.swift in Sources */,
			);
			runOnlyForDeploymentPostprocessing = 0;
		};
		8B2B4A3E28259A6E00EADF27 /* Sources */ = {
			isa = PBXSourcesBuildPhase;
			buildActionMask = 2147483647;
			files = (
				8B2B4A4728259A6E00EADF27 /* GNBProjectTests.swift in Sources */,
			);
			runOnlyForDeploymentPostprocessing = 0;
		};
		8B2B4A4828259A6E00EADF27 /* Sources */ = {
			isa = PBXSourcesBuildPhase;
			buildActionMask = 2147483647;
			files = (
				8B2B4A5328259A6E00EADF27 /* GNBProjectUITestsLaunchTests.swift in Sources */,
				8B2B4A5128259A6E00EADF27 /* GNBProjectUITests.swift in Sources */,
			);
			runOnlyForDeploymentPostprocessing = 0;
		};
/* End PBXSourcesBuildPhase section */

/* Begin PBXTargetDependency section */
		8B2B4A4428259A6E00EADF27 /* PBXTargetDependency */ = {
			isa = PBXTargetDependency;
			target = 8B2B4A2B28259A6B00EADF27 /* GNBProject */;
			targetProxy = 8B2B4A4328259A6E00EADF27 /* PBXContainerItemProxy */;
		};
		8B2B4A4E28259A6E00EADF27 /* PBXTargetDependency */ = {
			isa = PBXTargetDependency;
			target = 8B2B4A2B28259A6B00EADF27 /* GNBProject */;
			targetProxy = 8B2B4A4D28259A6E00EADF27 /* PBXContainerItemProxy */;
		};
/* End PBXTargetDependency section */

/* Begin PBXVariantGroup section */
		8B2B4A3A28259A6D00EADF27 /* LaunchScreen.storyboard */ = {
			isa = PBXVariantGroup;
			children = (
				8B2B4A3B28259A6D00EADF27 /* Base */,
			);
			name = LaunchScreen.storyboard;
			sourceTree = "<group>";
		};
/* End PBXVariantGroup section */

/* Begin XCBuildConfiguration section */
		8B2B4A5428259A6E00EADF27 /* Debug */ = {
			isa = XCBuildConfiguration;
			buildSettings = {
				ALWAYS_SEARCH_USER_PATHS = NO;
				CLANG_ANALYZER_NONNULL = YES;
				CLANG_ANALYZER_NUMBER_OBJECT_CONVERSION = YES_AGGRESSIVE;
				CLANG_CXX_LANGUAGE_STANDARD = "gnu++17";
				CLANG_CXX_LIBRARY = "libc++";
				CLANG_ENABLE_MODULES = YES;
				CLANG_ENABLE_OBJC_ARC = YES;
				CLANG_ENABLE_OBJC_WEAK = YES;
				CLANG_WARN_BLOCK_CAPTURE_AUTORELEASING = YES;
				CLANG_WARN_BOOL_CONVERSION = YES;
				CLANG_WARN_COMMA = YES;
				CLANG_WARN_CONSTANT_CONVERSION = YES;
				CLANG_WARN_DEPRECATED_OBJC_IMPLEMENTATIONS = YES;
				CLANG_WARN_DIRECT_OBJC_ISA_USAGE = YES_ERROR;
				CLANG_WARN_DOCUMENTATION_COMMENTS = YES;
				CLANG_WARN_EMPTY_BODY = YES;
				CLANG_WARN_ENUM_CONVERSION = YES;
				CLANG_WARN_INFINITE_RECURSION = YES;
				CLANG_WARN_INT_CONVERSION = YES;
				CLANG_WARN_NON_LITERAL_NULL_CONVERSION = YES;
				CLANG_WARN_OBJC_IMPLICIT_RETAIN_SELF = YES;
				CLANG_WARN_OBJC_LITERAL_CONVERSION = YES;
				CLANG_WARN_OBJC_ROOT_CLASS = YES_ERROR;
				CLANG_WARN_QUOTED_INCLUDE_IN_FRAMEWORK_HEADER = YES;
				CLANG_WARN_RANGE_LOOP_ANALYSIS = YES;
				CLANG_WARN_STRICT_PROTOTYPES = YES;
				CLANG_WARN_SUSPICIOUS_MOVE = YES;
				CLANG_WARN_UNGUARDED_AVAILABILITY = YES_AGGRESSIVE;
				CLANG_WARN_UNREACHABLE_CODE = YES;
				CLANG_WARN__DUPLICATE_METHOD_MATCH = YES;
				COPY_PHASE_STRIP = NO;
				DEBUG_INFORMATION_FORMAT = dwarf;
				ENABLE_STRICT_OBJC_MSGSEND = YES;
				ENABLE_TESTABILITY = YES;
				GCC_C_LANGUAGE_STANDARD = gnu11;
				GCC_DYNAMIC_NO_PIC = NO;
				GCC_NO_COMMON_BLOCKS = YES;
				GCC_OPTIMIZATION_LEVEL = 0;
				GCC_PREPROCESSOR_DEFINITIONS = (
					"DEBUG=1",
					"$(inherited)",
				);
				GCC_WARN_64_TO_32_BIT_CONVERSION = YES;
				GCC_WARN_ABOUT_RETURN_TYPE = YES_ERROR;
				GCC_WARN_UNDECLARED_SELECTOR = YES;
				GCC_WARN_UNINITIALIZED_AUTOS = YES_AGGRESSIVE;
				GCC_WARN_UNUSED_FUNCTION = YES;
				GCC_WARN_UNUSED_VARIABLE = YES;
				IPHONEOS_DEPLOYMENT_TARGET = 15.2;
				MTL_ENABLE_DEBUG_INFO = INCLUDE_SOURCE;
				MTL_FAST_MATH = YES;
				ONLY_ACTIVE_ARCH = YES;
				SDKROOT = iphoneos;
				SWIFT_ACTIVE_COMPILATION_CONDITIONS = DEBUG;
				SWIFT_OPTIMIZATION_LEVEL = "-Onone";
			};
			name = Debug;
		};
		8B2B4A5528259A6E00EADF27 /* Release */ = {
			isa = XCBuildConfiguration;
			buildSettings = {
				ALWAYS_SEARCH_USER_PATHS = NO;
				CLANG_ANALYZER_NONNULL = YES;
				CLANG_ANALYZER_NUMBER_OBJECT_CONVERSION = YES_AGGRESSIVE;
				CLANG_CXX_LANGUAGE_STANDARD = "gnu++17";
				CLANG_CXX_LIBRARY = "libc++";
				CLANG_ENABLE_MODULES = YES;
				CLANG_ENABLE_OBJC_ARC = YES;
				CLANG_ENABLE_OBJC_WEAK = YES;
				CLANG_WARN_BLOCK_CAPTURE_AUTORELEASING = YES;
				CLANG_WARN_BOOL_CONVERSION = YES;
				CLANG_WARN_COMMA = YES;
				CLANG_WARN_CONSTANT_CONVERSION = YES;
				CLANG_WARN_DEPRECATED_OBJC_IMPLEMENTATIONS = YES;
				CLANG_WARN_DIRECT_OBJC_ISA_USAGE = YES_ERROR;
				CLANG_WARN_DOCUMENTATION_COMMENTS = YES;
				CLANG_WARN_EMPTY_BODY = YES;
				CLANG_WARN_ENUM_CONVERSION = YES;
				CLANG_WARN_INFINITE_RECURSION = YES;
				CLANG_WARN_INT_CONVERSION = YES;
				CLANG_WARN_NON_LITERAL_NULL_CONVERSION = YES;
				CLANG_WARN_OBJC_IMPLICIT_RETAIN_SELF = YES;
				CLANG_WARN_OBJC_LITERAL_CONVERSION = YES;
				CLANG_WARN_OBJC_ROOT_CLASS = YES_ERROR;
				CLANG_WARN_QUOTED_INCLUDE_IN_FRAMEWORK_HEADER = YES;
				CLANG_WARN_RANGE_LOOP_ANALYSIS = YES;
				CLANG_WARN_STRICT_PROTOTYPES = YES;
				CLANG_WARN_SUSPICIOUS_MOVE = YES;
				CLANG_WARN_UNGUARDED_AVAILABILITY = YES_AGGRESSIVE;
				CLANG_WARN_UNREACHABLE_CODE = YES;
				CLANG_WARN__DUPLICATE_METHOD_MATCH = YES;
				COPY_PHASE_STRIP = NO;
				DEBUG_INFORMATION_FORMAT = "dwarf-with-dsym";
				ENABLE_NS_ASSERTIONS = NO;
				ENABLE_STRICT_OBJC_MSGSEND = YES;
				GCC_C_LANGUAGE_STANDARD = gnu11;
				GCC_NO_COMMON_BLOCKS = YES;
				GCC_WARN_64_TO_32_BIT_CONVERSION = YES;
				GCC_WARN_ABOUT_RETURN_TYPE = YES_ERROR;
				GCC_WARN_UNDECLARED_SELECTOR = YES;
				GCC_WARN_UNINITIALIZED_AUTOS = YES_AGGRESSIVE;
				GCC_WARN_UNUSED_FUNCTION = YES;
				GCC_WARN_UNUSED_VARIABLE = YES;
				IPHONEOS_DEPLOYMENT_TARGET = 15.2;
				MTL_ENABLE_DEBUG_INFO = NO;
				MTL_FAST_MATH = YES;
				SDKROOT = iphoneos;
				SWIFT_COMPILATION_MODE = wholemodule;
				SWIFT_OPTIMIZATION_LEVEL = "-O";
				VALIDATE_PRODUCT = YES;
			};
			name = Release;
		};
		8B2B4A5728259A6E00EADF27 /* Debug */ = {
			isa = XCBuildConfiguration;
			buildSettings = {
				ASSETCATALOG_COMPILER_APPICON_NAME = AppIcon;
				ASSETCATALOG_COMPILER_GLOBAL_ACCENT_COLOR_NAME = AccentColor;
				CODE_SIGN_STYLE = Automatic;
				CURRENT_PROJECT_VERSION = 1;
				DEVELOPMENT_TEAM = 7ACUHP269Y;
				GENERATE_INFOPLIST_FILE = YES;
				INFOPLIST_FILE = GNBProject/SupportingFiles/Info.plist;
				INFOPLIST_KEY_CFBundleDisplayName = GNB;
				INFOPLIST_KEY_UIApplicationSupportsIndirectInputEvents = YES;
				INFOPLIST_KEY_UILaunchStoryboardName = LaunchScreen;
				INFOPLIST_KEY_UISupportedInterfaceOrientations = UIInterfaceOrientationPortrait;
				INFOPLIST_KEY_UISupportedInterfaceOrientations_iPad = "UIInterfaceOrientationPortrait UIInterfaceOrientationPortraitUpsideDown UIInterfaceOrientationLandscapeLeft UIInterfaceOrientationLandscapeRight";
				INFOPLIST_KEY_UISupportedInterfaceOrientations_iPhone = "UIInterfaceOrientationPortrait UIInterfaceOrientationLandscapeLeft UIInterfaceOrientationLandscapeRight";
				IPHONEOS_DEPLOYMENT_TARGET = 12.0;
				LD_RUNPATH_SEARCH_PATHS = (
					"$(inherited)",
					"@executable_path/Frameworks",
				);
				MARKETING_VERSION = 0.1;
				PRODUCT_BUNDLE_IDENTIFIER = com.braiscastro.GNBProject;
				PRODUCT_NAME = "$(TARGET_NAME)";
				SWIFT_EMIT_LOC_STRINGS = YES;
				SWIFT_VERSION = 5.0;
				TARGETED_DEVICE_FAMILY = 1;
			};
			name = Debug;
		};
		8B2B4A5828259A6E00EADF27 /* Release */ = {
			isa = XCBuildConfiguration;
			buildSettings = {
				ASSETCATALOG_COMPILER_APPICON_NAME = AppIcon;
				ASSETCATALOG_COMPILER_GLOBAL_ACCENT_COLOR_NAME = AccentColor;
				CODE_SIGN_STYLE = Automatic;
				CURRENT_PROJECT_VERSION = 1;
				DEVELOPMENT_TEAM = 7ACUHP269Y;
				GENERATE_INFOPLIST_FILE = YES;
				INFOPLIST_FILE = GNBProject/SupportingFiles/Info.plist;
				INFOPLIST_KEY_CFBundleDisplayName = GNB;
				INFOPLIST_KEY_UIApplicationSupportsIndirectInputEvents = YES;
				INFOPLIST_KEY_UILaunchStoryboardName = LaunchScreen;
				INFOPLIST_KEY_UISupportedInterfaceOrientations = UIInterfaceOrientationPortrait;
				INFOPLIST_KEY_UISupportedInterfaceOrientations_iPad = "UIInterfaceOrientationPortrait UIInterfaceOrientationPortraitUpsideDown UIInterfaceOrientationLandscapeLeft UIInterfaceOrientationLandscapeRight";
				INFOPLIST_KEY_UISupportedInterfaceOrientations_iPhone = "UIInterfaceOrientationPortrait UIInterfaceOrientationLandscapeLeft UIInterfaceOrientationLandscapeRight";
				IPHONEOS_DEPLOYMENT_TARGET = 12.0;
				LD_RUNPATH_SEARCH_PATHS = (
					"$(inherited)",
					"@executable_path/Frameworks",
				);
				MARKETING_VERSION = 0.1;
				PRODUCT_BUNDLE_IDENTIFIER = com.braiscastro.GNBProject;
				PRODUCT_NAME = "$(TARGET_NAME)";
				SWIFT_EMIT_LOC_STRINGS = YES;
				SWIFT_VERSION = 5.0;
				TARGETED_DEVICE_FAMILY = 1;
			};
			name = Release;
		};
		8B2B4A5A28259A6E00EADF27 /* Debug */ = {
			isa = XCBuildConfiguration;
			buildSettings = {
				ALWAYS_EMBED_SWIFT_STANDARD_LIBRARIES = YES;
				BUNDLE_LOADER = "$(TEST_HOST)";
				CODE_SIGN_STYLE = Automatic;
				CURRENT_PROJECT_VERSION = 1;
				DEVELOPMENT_TEAM = 7ACUHP269Y;
				GENERATE_INFOPLIST_FILE = YES;
				IPHONEOS_DEPLOYMENT_TARGET = 15.2;
				MARKETING_VERSION = 1.0;
				PRODUCT_BUNDLE_IDENTIFIER = com.braiscastro.GNBProjectTests;
				PRODUCT_NAME = "$(TARGET_NAME)";
				SWIFT_EMIT_LOC_STRINGS = NO;
				SWIFT_VERSION = 5.0;
				TARGETED_DEVICE_FAMILY = "1,2";
				TEST_HOST = "$(BUILT_PRODUCTS_DIR)/GNBProject.app/GNBProject";
			};
			name = Debug;
		};
		8B2B4A5B28259A6E00EADF27 /* Release */ = {
			isa = XCBuildConfiguration;
			buildSettings = {
				ALWAYS_EMBED_SWIFT_STANDARD_LIBRARIES = YES;
				BUNDLE_LOADER = "$(TEST_HOST)";
				CODE_SIGN_STYLE = Automatic;
				CURRENT_PROJECT_VERSION = 1;
				DEVELOPMENT_TEAM = 7ACUHP269Y;
				GENERATE_INFOPLIST_FILE = YES;
				IPHONEOS_DEPLOYMENT_TARGET = 15.2;
				MARKETING_VERSION = 1.0;
				PRODUCT_BUNDLE_IDENTIFIER = com.braiscastro.GNBProjectTests;
				PRODUCT_NAME = "$(TARGET_NAME)";
				SWIFT_EMIT_LOC_STRINGS = NO;
				SWIFT_VERSION = 5.0;
				TARGETED_DEVICE_FAMILY = "1,2";
				TEST_HOST = "$(BUILT_PRODUCTS_DIR)/GNBProject.app/GNBProject";
			};
			name = Release;
		};
		8B2B4A5D28259A6E00EADF27 /* Debug */ = {
			isa = XCBuildConfiguration;
			buildSettings = {
				ALWAYS_EMBED_SWIFT_STANDARD_LIBRARIES = YES;
				CODE_SIGN_STYLE = Automatic;
				CURRENT_PROJECT_VERSION = 1;
				DEVELOPMENT_TEAM = 7ACUHP269Y;
				GENERATE_INFOPLIST_FILE = YES;
				MARKETING_VERSION = 1.0;
				PRODUCT_BUNDLE_IDENTIFIER = com.braiscastro.GNBProjectUITests;
				PRODUCT_NAME = "$(TARGET_NAME)";
				SWIFT_EMIT_LOC_STRINGS = NO;
				SWIFT_VERSION = 5.0;
				TARGETED_DEVICE_FAMILY = "1,2";
				TEST_TARGET_NAME = GNBProject;
			};
			name = Debug;
		};
		8B2B4A5E28259A6E00EADF27 /* Release */ = {
			isa = XCBuildConfiguration;
			buildSettings = {
				ALWAYS_EMBED_SWIFT_STANDARD_LIBRARIES = YES;
				CODE_SIGN_STYLE = Automatic;
				CURRENT_PROJECT_VERSION = 1;
				DEVELOPMENT_TEAM = 7ACUHP269Y;
				GENERATE_INFOPLIST_FILE = YES;
				MARKETING_VERSION = 1.0;
				PRODUCT_BUNDLE_IDENTIFIER = com.braiscastro.GNBProjectUITests;
				PRODUCT_NAME = "$(TARGET_NAME)";
				SWIFT_EMIT_LOC_STRINGS = NO;
				SWIFT_VERSION = 5.0;
				TARGETED_DEVICE_FAMILY = "1,2";
				TEST_TARGET_NAME = GNBProject;
			};
			name = Release;
		};
/* End XCBuildConfiguration section */

/* Begin XCConfigurationList section */
		8B2B4A2728259A6B00EADF27 /* Build configuration list for PBXProject "GNBProject" */ = {
			isa = XCConfigurationList;
			buildConfigurations = (
				8B2B4A5428259A6E00EADF27 /* Debug */,
				8B2B4A5528259A6E00EADF27 /* Release */,
			);
			defaultConfigurationIsVisible = 0;
			defaultConfigurationName = Release;
		};
		8B2B4A5628259A6E00EADF27 /* Build configuration list for PBXNativeTarget "GNBProject" */ = {
			isa = XCConfigurationList;
			buildConfigurations = (
				8B2B4A5728259A6E00EADF27 /* Debug */,
				8B2B4A5828259A6E00EADF27 /* Release */,
			);
			defaultConfigurationIsVisible = 0;
			defaultConfigurationName = Release;
		};
		8B2B4A5928259A6E00EADF27 /* Build configuration list for PBXNativeTarget "GNBProjectTests" */ = {
			isa = XCConfigurationList;
			buildConfigurations = (
				8B2B4A5A28259A6E00EADF27 /* Debug */,
				8B2B4A5B28259A6E00EADF27 /* Release */,
			);
			defaultConfigurationIsVisible = 0;
			defaultConfigurationName = Release;
		};
		8B2B4A5C28259A6E00EADF27 /* Build configuration list for PBXNativeTarget "GNBProjectUITests" */ = {
			isa = XCConfigurationList;
			buildConfigurations = (
				8B2B4A5D28259A6E00EADF27 /* Debug */,
				8B2B4A5E28259A6E00EADF27 /* Release */,
			);
			defaultConfigurationIsVisible = 0;
			defaultConfigurationName = Release;
		};
/* End XCConfigurationList section */

/* Begin XCRemoteSwiftPackageReference section */
		8B2B4A7B2825AABD00EADF27 /* XCRemoteSwiftPackageReference "Alamofire" */ = {
			isa = XCRemoteSwiftPackageReference;
			repositoryURL = "https://github.com/Alamofire/Alamofire.git";
			requirement = {
				kind = exactVersion;
				version = 5.6.1;
			};
		};
/* End XCRemoteSwiftPackageReference section */

/* Begin XCSwiftPackageProductDependency section */
		8B2B4A7C2825AABD00EADF27 /* Alamofire */ = {
			isa = XCSwiftPackageProductDependency;
			package = 8B2B4A7B2825AABD00EADF27 /* XCRemoteSwiftPackageReference "Alamofire" */;
			productName = Alamofire;
		};
/* End XCSwiftPackageProductDependency section */
	};
	rootObject = 8B2B4A2428259A6B00EADF27 /* Project object */;
}
